
Microsoft Visual Studio Solution File, Format Version 12.00
# Visual Studio Version 17
VisualStudioVersion = 17.0.32002.185
MinimumVisualStudioVersion = 10.0.40219.1
Project("{9A19103F-16F7-4668-BE54-9A1E7A4F7556}") = "ConsoleApp", "ConsoleApp\ConsoleApp.csproj", "{DB29D15D-E2C8-4A94-AEF4-DA4A19811665}"
EndProject
Project("{9A19103F-16F7-4668-BE54-9A1E7A4F7556}") = "Features7", "Features\Features7.csproj", "{24862342-9062-4EC0-A000-97F378E9E314}"
EndProject
Project("{FAE04EC0-301F-11D3-BF4B-00C04F79EFBC}") = "Features7.1", "Features7.1\Features7.1.csproj", "{497B8146-48DF-48D7-99E8-4F5CFB3F1BDC}"
EndProject
Project("{FAE04EC0-301F-11D3-BF4B-00C04F79EFBC}") = "Features7.2", "Features7.2\Features7.2.csproj", "{213ACFA4-070B-4BA6-A1E1-12BCA7375C23}"
EndProject
Global
	GlobalSection(SolutionConfigurationPlatforms) = preSolution
		Debug|Any CPU = Debug|Any CPU
		Release|Any CPU = Release|Any CPU
	EndGlobalSection
	GlobalSection(ProjectConfigurationPlatforms) = postSolution
		{DB29D15D-E2C8-4A94-AEF4-DA4A19811665}.Debug|Any CPU.ActiveCfg = Debug|Any CPU
		{DB29D15D-E2C8-4A94-AEF4-DA4A19811665}.Debug|Any CPU.Build.0 = Debug|Any CPU
		{DB29D15D-E2C8-4A94-AEF4-DA4A19811665}.Release|Any CPU.ActiveCfg = Release|Any CPU
		{DB29D15D-E2C8-4A94-AEF4-DA4A19811665}.Release|Any CPU.Build.0 = Release|Any CPU
		{24862342-9062-4EC0-A000-97F378E9E314}.Debug|Any CPU.ActiveCfg = Debug|Any CPU
		{24862342-9062-4EC0-A000-97F378E9E314}.Debug|Any CPU.Build.0 = Debug|Any CPU
		{24862342-9062-4EC0-A000-97F378E9E314}.Release|Any CPU.ActiveCfg = Release|Any CPU
		{24862342-9062-4EC0-A000-97F378E9E314}.Release|Any CPU.Build.0 = Release|Any CPU
		{497B8146-48DF-48D7-99E8-4F5CFB3F1BDC}.Debug|Any CPU.ActiveCfg = Debug|Any CPU
		{497B8146-48DF-48D7-99E8-4F5CFB3F1BDC}.Debug|Any CPU.Build.0 = Debug|Any CPU
		{497B8146-48DF-48D7-99E8-4F5CFB3F1BDC}.Release|Any CPU.ActiveCfg = Release|Any CPU
		{497B8146-48DF-48D7-99E8-4F5CFB3F1BDC}.Release|Any CPU.Build.0 = Release|Any CPU
		{213ACFA4-070B-4BA6-A1E1-12BCA7375C23}.Debug|Any CPU.ActiveCfg = Debug|Any CPU
		{213ACFA4-070B-4BA6-A1E1-12BCA7375C23}.Debug|Any CPU.Build.0 = Debug|Any CPU
		{213ACFA4-070B-4BA6-A1E1-12BCA7375C23}.Release|Any CPU.ActiveCfg = Release|Any CPU
		{213ACFA4-070B-4BA6-A1E1-12BCA7375C23}.Release|Any CPU.Build.0 = Release|Any CPU
	EndGlobalSection
	GlobalSection(SolutionProperties) = preSolution
		HideSolutionNode = FALSE
	EndGlobalSection
	GlobalSection(ExtensibilityGlobals) = postSolution
		SolutionGuid = {6689EB85-124D-494D-B582-5D3EED845F58}
	EndGlobalSection
EndGlobal
